
Microsoft Visual Studio Solution File, Format Version 12.00
# Visual Studio Version 16
VisualStudioVersion = 16.0.30621.155
MinimumVisualStudioVersion = 10.0.40219.1
Project("{FAE04EC0-301F-11D3-BF4B-00C04F79EFBC}") = "LibraryTerminal", "LibraryTerminal\LibraryTerminal.csproj", "{D6B71037-85C5-49CC-AE7D-058DA2D8B82F}"
EndProject
Global
	GlobalSection(SolutionConfigurationPlatforms) = preSolution
		Debug|Any CPU = Debug|Any CPU
		Release|Any CPU = Release|Any CPU
	EndGlobalSection
	GlobalSection(ProjectConfigurationPlatforms) = postSolution
		{D6B71037-85C5-49CC-AE7D-058DA2D8B82F}.Debug|Any CPU.ActiveCfg = Debug|Any CPU
		{D6B71037-85C5-49CC-AE7D-058DA2D8B82F}.Debug|Any CPU.Build.0 = Debug|Any CPU
		{D6B71037-85C5-49CC-AE7D-058DA2D8B82F}.Release|Any CPU.ActiveCfg = Release|Any CPU
		{D6B71037-85C5-49CC-AE7D-058DA2D8B82F}.Release|Any CPU.Build.0 = Release|Any CPU
	EndGlobalSection
	GlobalSection(SolutionProperties) = preSolution
		HideSolutionNode = FALSE
	EndGlobalSection
	GlobalSection(ExtensibilityGlobals) = postSolution
		SolutionGuid = {0DCCA5E9-1057-4670-9AB9-649F348594BE}
	EndGlobalSection
EndGlobal
